{
  "name": "@daipendency/mcp",
  "version": "0.9.4",
  "lockfileVersion": 3,
  "requires": true,
  "packages": {
    "": {
      "name": "@daipendency/mcp",
      "version": "0.9.4",
      "license": "MIT",
      "dependencies": {
        "@daipendency/core": "^1.0.2",
        "@modelcontextprotocol/sdk": "^1.4.1",
        "zod": "^3.24.1"
      },
      "bin": {
        "daipendency-mcp": "dist/index.js"
      },
      "devDependencies": {
        "@types/node": "^22.12.0",
        "prettier": "^3.4.2",
        "typescript": "^5.7.3"
      }
    },
    "node_modules/@daipendency/core": {
      "version": "1.0.2",
      "resolved": "https://registry.npmjs.org/@daipendency/core/-/core-1.0.2.tgz",
      "integrity": "sha512-0v0pZBGwgKDoV+6sGaqTcpWljVgxgAHdMBML7X7g3AbPRhA3U983dspR2Ld/Dg2BvLHMSJEnvFjlL06pH3oV2Q==",
      "license": "MIT",
      "engines": {
        "node": ">= 10"
      },
      "optionalDependencies": {
        "@daipendency/core-darwin-arm64": "1.0.2",
        "@daipendency/core-darwin-universal": "1.0.2",
        "@daipendency/core-darwin-x64": "1.0.2",
        "@daipendency/core-linux-arm-gnueabihf": "1.0.2",
        "@daipendency/core-linux-arm64-gnu": "1.0.2",
        "@daipendency/core-linux-riscv64-gnu": "1.0.2",
        "@daipendency/core-linux-x64-gnu": "1.0.2",
        "@daipendency/core-win32-arm64-msvc": "1.0.2",
        "@daipendency/core-win32-x64-msvc": "1.0.2"
      }
    },
    "node_modules/@daipendency/core-darwin-arm64": {
      "version": "1.0.2",
      "resolved": "https://registry.npmjs.org/@daipendency/core-darwin-arm64/-/core-darwin-arm64-1.0.2.tgz",
      "integrity": "sha512-kEXnTGAgn5iTxVnecx9CccfoAzB/SIab2Kn5yxuA9C6lWVpZLfKnfpsQ5svWy22zCXphHzFcd7ZH4UyWLOV92w==",
      "cpu": [
        "arm64"
      ],
      "license": "MIT",
      "optional": true,
      "os": [
        "darwin"
      ],
      "engines": {
        "node": ">= 10"
      }
    },
    "node_modules/@daipendency/core-darwin-universal": {
      "version": "1.0.2",
      "resolved": "https://registry.npmjs.org/@daipendency/core-darwin-universal/-/core-darwin-universal-1.0.2.tgz",
      "integrity": "sha512-CS49m5LX2llM7jUdBssAq0eAEQ5gDD6m/z6GSAqSgeN/UU4rh6FCXlo9G0kpU/SmyBMkm5hO+bidua5WlcXObw==",
      "license": "MIT",
      "optional": true,
      "os": [
        "darwin"
      ],
      "engines": {
        "node": ">= 10"
      }
    },
    "node_modules/@daipendency/core-darwin-x64": {
      "version": "1.0.2",
      "resolved": "https://registry.npmjs.org/@daipendency/core-darwin-x64/-/core-darwin-x64-1.0.2.tgz",
      "integrity": "sha512-EwvFDUFv6ah/lFUourF7e7enIDgB8fTNDL+K6E8E7KqW9TxrR+uwosjGjDHRAZM8npkbCm69PCcQSWtiq03VcQ==",
      "cpu": [
        "x64"
      ],
      "license": "MIT",
      "optional": true,
      "os": [
        "darwin"
      ],
      "engines": {
        "node": ">= 10"
      }
    },
    "node_modules/@daipendency/core-linux-arm-gnueabihf": {
      "version": "1.0.2",
      "resolved": "https://registry.npmjs.org/@daipendency/core-linux-arm-gnueabihf/-/core-linux-arm-gnueabihf-1.0.2.tgz",
      "integrity": "sha512-qR2wcqaw7/B/MTV5lXzCZjbZLiEqv9OSe4gUc2OqerWwApO3sGDi6/vduoRNA2Hik11dy9Tqp0xBjOB7Ftfr+g==",
      "cpu": [
        "arm"
      ],
      "license": "MIT",
      "optional": true,
      "os": [
        "linux"
      ],
      "engines": {
        "node": ">= 10"
      }
    },
    "node_modules/@daipendency/core-linux-arm64-gnu": {
      "version": "1.0.2",
      "resolved": "https://registry.npmjs.org/@daipendency/core-linux-arm64-gnu/-/core-linux-arm64-gnu-1.0.2.tgz",
      "integrity": "sha512-lgrN789GqeEAWw6SsKHqDhinFasoZvUltdk8JA8XH4QEWjmJpfQuB9skkq9w73yAK0dHEq4yEZOQ165Ixfgqsw==",
      "cpu": [
        "arm64"
      ],
      "license": "MIT",
      "optional": true,
      "os": [
        "linux"
      ],
      "engines": {
        "node": ">= 10"
      }
    },
    "node_modules/@daipendency/core-linux-riscv64-gnu": {
      "version": "1.0.2",
      "resolved": "https://registry.npmjs.org/@daipendency/core-linux-riscv64-gnu/-/core-linux-riscv64-gnu-1.0.2.tgz",
      "integrity": "sha512-NJdsbT974bkaibxNthgMV128omeLxa+/9cZ0aq3DNt5xste5TBlBuAlOvAQtu7Waae/T+dfz6Rm5TwExCEm+ng==",
      "cpu": [
        "riscv64"
      ],
      "license": "MIT",
      "optional": true,
      "os": [
        "linux"
      ],
      "engines": {
        "node": ">= 10"
      }
    },
    "node_modules/@daipendency/core-linux-x64-gnu": {
      "version": "1.0.2",
      "resolved": "https://registry.npmjs.org/@daipendency/core-linux-x64-gnu/-/core-linux-x64-gnu-1.0.2.tgz",
      "integrity": "sha512-aQtRLPUnjTE0UOE3VT72MYxhN05tYef8PxLVqPikW30imOaKr5XYznrl84cXmgrmUn46b7BTcPYr3uvHJp1R9A==",
      "cpu": [
        "x64"
      ],
      "license": "MIT",
      "optional": true,
      "os": [
        "linux"
      ],
      "engines": {
        "node": ">= 10"
      }
    },
    "node_modules/@daipendency/core-win32-arm64-msvc": {
      "version": "1.0.2",
      "resolved": "https://registry.npmjs.org/@daipendency/core-win32-arm64-msvc/-/core-win32-arm64-msvc-1.0.2.tgz",
      "integrity": "sha512-39TQMRTZmuRaQC48A4SCeiFbOw/WfeFXQQfYTQW3kBgYWBs4J1T+gmyB9V1SmHRg5UI+U+RRPbNjVVbEQOlcig==",
      "cpu": [
        "arm64"
      ],
      "license": "MIT",
      "optional": true,
      "os": [
        "win32"
      ],
      "engines": {
        "node": ">= 10"
      }
    },
    "node_modules/@daipendency/core-win32-x64-msvc": {
      "version": "1.0.2",
      "resolved": "https://registry.npmjs.org/@daipendency/core-win32-x64-msvc/-/core-win32-x64-msvc-1.0.2.tgz",
      "integrity": "sha512-8VwWVosMg19Si01OaiBWu2ccNu6nA9rb67xzXFb9hKwfkHKiRzLHyyqGzqT+tR3Utg8afeT2vdiE0QF7Rk7Wbw==",
      "cpu": [
        "x64"
      ],
      "license": "MIT",
      "optional": true,
      "os": [
        "win32"
      ],
      "engines": {
        "node": ">= 10"
      }
    },
    "node_modules/@modelcontextprotocol/sdk": {
      "version": "1.4.1",
      "resolved": "https://registry.npmjs.org/@modelcontextprotocol/sdk/-/sdk-1.4.1.tgz",
      "integrity": "sha512-wS6YC4lkUZ9QpP+/7NBTlVNiEvsnyl0xF7rRusLF+RsG0xDPc/zWR7fEEyhKnnNutGsDAZh59l/AeoWGwIb1+g==",
      "dependencies": {
        "content-type": "^1.0.5",
        "eventsource": "^3.0.2",
        "raw-body": "^3.0.0",
        "zod": "^3.23.8",
        "zod-to-json-schema": "^3.24.1"
      },
      "engines": {
        "node": ">=18"
      }
    },
    "node_modules/@types/node": {
      "version": "22.12.0",
      "resolved": "https://registry.npmjs.org/@types/node/-/node-22.12.0.tgz",
      "integrity": "sha512-Fll2FZ1riMjNmlmJOdAyY5pUbkftXslB5DgEzlIuNaiWhXd00FhWxVC/r4yV/4wBb9JfImTu+jiSvXTkJ7F/gA==",
      "dev": true,
      "dependencies": {
        "undici-types": "~6.20.0"
      }
    },
    "node_modules/bytes": {
      "version": "3.1.2",
      "resolved": "https://registry.npmjs.org/bytes/-/bytes-3.1.2.tgz",
      "integrity": "sha512-/Nf7TyzTx6S3yRJObOAV7956r8cr2+Oj8AC5dt8wSP3BQAoeX58NoHyCU8P8zGkNXStjTSi6fzO6F0pBdcYbEg==",
      "engines": {
        "node": ">= 0.8"
      }
    },
    "node_modules/content-type": {
      "version": "1.0.5",
      "resolved": "https://registry.npmjs.org/content-type/-/content-type-1.0.5.tgz",
      "integrity": "sha512-nTjqfcBFEipKdXCv4YDQWCfmcLZKm81ldF0pAopTvyrFGVbcR6P/VAAd5G7N+0tTr8QqiU0tFadD6FK4NtJwOA==",
      "engines": {
        "node": ">= 0.6"
      }
    },
    "node_modules/depd": {
      "version": "2.0.0",
      "resolved": "https://registry.npmjs.org/depd/-/depd-2.0.0.tgz",
      "integrity": "sha512-g7nH6P6dyDioJogAAGprGpCtVImJhpPk/roCzdb3fIh61/s/nPsfR6onyMwkCAR/OlC3yBC0lESvUoQEAssIrw==",
      "engines": {
        "node": ">= 0.8"
      }
    },
    "node_modules/eventsource": {
      "version": "3.0.5",
      "resolved": "https://registry.npmjs.org/eventsource/-/eventsource-3.0.5.tgz",
      "integrity": "sha512-LT/5J605bx5SNyE+ITBDiM3FxffBiq9un7Vx0EwMDM3vg8sWKx/tO2zC+LMqZ+smAM0F2hblaDZUVZF0te2pSw==",
      "dependencies": {
        "eventsource-parser": "^3.0.0"
      },
      "engines": {
        "node": ">=18.0.0"
      }
    },
    "node_modules/eventsource-parser": {
      "version": "3.0.0",
      "resolved": "https://registry.npmjs.org/eventsource-parser/-/eventsource-parser-3.0.0.tgz",
      "integrity": "sha512-T1C0XCUimhxVQzW4zFipdx0SficT651NnkR0ZSH3yQwh+mFMdLfgjABVi4YtMTtaL4s168593DaoaRLMqryavA==",
      "engines": {
        "node": ">=18.0.0"
      }
    },
    "node_modules/http-errors": {
      "version": "2.0.0",
      "resolved": "https://registry.npmjs.org/http-errors/-/http-errors-2.0.0.tgz",
      "integrity": "sha512-FtwrG/euBzaEjYeRqOgly7G0qviiXoJWnvEH2Z1plBdXgbyjv34pHTSb9zoeHMyDy33+DWy5Wt9Wo+TURtOYSQ==",
      "dependencies": {
        "depd": "2.0.0",
        "inherits": "2.0.4",
        "setprototypeof": "1.2.0",
        "statuses": "2.0.1",
        "toidentifier": "1.0.1"
      },
      "engines": {
        "node": ">= 0.8"
      }
    },
    "node_modules/iconv-lite": {
      "version": "0.6.3",
      "resolved": "https://registry.npmjs.org/iconv-lite/-/iconv-lite-0.6.3.tgz",
      "integrity": "sha512-4fCk79wshMdzMp2rH06qWrJE4iolqLhCUH+OiuIgU++RB0+94NlDL81atO7GX55uUKueo0txHNtvEyI6D7WdMw==",
      "dependencies": {
        "safer-buffer": ">= 2.1.2 < 3.0.0"
      },
      "engines": {
        "node": ">=0.10.0"
      }
    },
    "node_modules/inherits": {
      "version": "2.0.4",
      "resolved": "https://registry.npmjs.org/inherits/-/inherits-2.0.4.tgz",
      "integrity": "sha512-k/vGaX4/Yla3WzyMCvTQOXYeIHvqOKtnqBduzTHpzpQZzAskKMhZ2K+EnBiSM9zGSoIFeMpXKxa4dYeZIQqewQ=="
    },
    "node_modules/prettier": {
      "version": "3.4.2",
      "resolved": "https://registry.npmjs.org/prettier/-/prettier-3.4.2.tgz",
      "integrity": "sha512-e9MewbtFo+Fevyuxn/4rrcDAaq0IYxPGLvObpQjiZBMAzB9IGmzlnG9RZy3FFas+eBMu2vA0CszMeduow5dIuQ==",
      "dev": true,
      "bin": {
        "prettier": "bin/prettier.cjs"
      },
      "engines": {
        "node": ">=14"
      },
      "funding": {
        "url": "https://github.com/prettier/prettier?sponsor=1"
      }
    },
    "node_modules/raw-body": {
      "version": "3.0.0",
      "resolved": "https://registry.npmjs.org/raw-body/-/raw-body-3.0.0.tgz",
      "integrity": "sha512-RmkhL8CAyCRPXCE28MMH0z2PNWQBNk2Q09ZdxM9IOOXwxwZbN+qbWaatPkdkWIKL2ZVDImrN/pK5HTRz2PcS4g==",
      "dependencies": {
        "bytes": "3.1.2",
        "http-errors": "2.0.0",
        "iconv-lite": "0.6.3",
        "unpipe": "1.0.0"
      },
      "engines": {
        "node": ">= 0.8"
      }
    },
    "node_modules/safer-buffer": {
      "version": "2.1.2",
      "resolved": "https://registry.npmjs.org/safer-buffer/-/safer-buffer-2.1.2.tgz",
      "integrity": "sha512-YZo3K82SD7Riyi0E1EQPojLz7kpepnSQI9IyPbHHg1XXXevb5dJI7tpyN2ADxGcQbHG7vcyRHk0cbwqcQriUtg=="
    },
    "node_modules/setprototypeof": {
      "version": "1.2.0",
      "resolved": "https://registry.npmjs.org/setprototypeof/-/setprototypeof-1.2.0.tgz",
      "integrity": "sha512-E5LDX7Wrp85Kil5bhZv46j8jOeboKq5JMmYM3gVGdGH8xFpPWXUMsNrlODCrkoxMEeNi/XZIwuRvY4XNwYMJpw=="
    },
    "node_modules/statuses": {
      "version": "2.0.1",
      "resolved": "https://registry.npmjs.org/statuses/-/statuses-2.0.1.tgz",
      "integrity": "sha512-RwNA9Z/7PrK06rYLIzFMlaF+l73iwpzsqRIFgbMLbTcLD6cOao82TaWefPXQvB2fOC4AjuYSEndS7N/mTCbkdQ==",
      "engines": {
        "node": ">= 0.8"
      }
    },
    "node_modules/toidentifier": {
      "version": "1.0.1",
      "resolved": "https://registry.npmjs.org/toidentifier/-/toidentifier-1.0.1.tgz",
      "integrity": "sha512-o5sSPKEkg/DIQNmH43V0/uerLrpzVedkUh8tGNvaeXpfpuwjKenlSox/2O/BTlZUtEe+JG7s5YhEz608PlAHRA==",
      "engines": {
        "node": ">=0.6"
      }
    },
    "node_modules/typescript": {
      "version": "5.7.3",
      "resolved": "https://registry.npmjs.org/typescript/-/typescript-5.7.3.tgz",
      "integrity": "sha512-84MVSjMEHP+FQRPy3pX9sTVV/INIex71s9TL2Gm5FG/WG1SqXeKyZ0k7/blY/4FdOzI12CBy1vGc4og/eus0fw==",
      "dev": true,
      "bin": {
        "tsc": "bin/tsc",
        "tsserver": "bin/tsserver"
      },
      "engines": {
        "node": ">=14.17"
      }
    },
    "node_modules/undici-types": {
      "version": "6.20.0",
      "resolved": "https://registry.npmjs.org/undici-types/-/undici-types-6.20.0.tgz",
      "integrity": "sha512-Ny6QZ2Nju20vw1SRHe3d9jVu6gJ+4e3+MMpqu7pqE5HT6WsTSlce++GQmK5UXS8mzV8DSYHrQH+Xrf2jVcuKNg==",
      "dev": true
    },
    "node_modules/unpipe": {
      "version": "1.0.0",
      "resolved": "https://registry.npmjs.org/unpipe/-/unpipe-1.0.0.tgz",
      "integrity": "sha512-pjy2bYhSsufwWlKwPc+l3cN7+wuJlK6uz0YdJEOlQDbl6jo/YlPi4mb8agUkVC8BF7V8NuzeyPNqRksA3hztKQ==",
      "engines": {
        "node": ">= 0.8"
      }
    },
    "node_modules/zod": {
      "version": "3.24.1",
      "resolved": "https://registry.npmjs.org/zod/-/zod-3.24.1.tgz",
      "integrity": "sha512-muH7gBL9sI1nciMZV67X5fTKKBLtwpZ5VBp1vsOQzj1MhrBZ4wlVCm3gedKZWLp0Oyel8sIGfeiz54Su+OVT+A==",
      "funding": {
        "url": "https://github.com/sponsors/colinhacks"
      }
    },
    "node_modules/zod-to-json-schema": {
      "version": "3.24.1",
      "resolved": "https://registry.npmjs.org/zod-to-json-schema/-/zod-to-json-schema-3.24.1.tgz",
      "integrity": "sha512-3h08nf3Vw3Wl3PK+q3ow/lIil81IT2Oa7YpQyUUDsEWbXveMesdfK1xBd2RhCkynwZndAxixji/7SYJJowr62w==",
      "peerDependencies": {
        "zod": "^3.24.1"
      }
    }
  }
}
